// !$*UTF8*$!
{
	archiveVersion = 1;
	classes = {
	};
	objectVersion = 51;
	objects = {

/* Begin PBXBuildFile section */
		1E4DAD3B2146A3CAAF7FAF81 /* Pods_FilmsTests.framework in Frameworks */ = {isa = PBXBuildFile; fileRef = 07DC3FB275958AB2E4489AE2 /* Pods_FilmsTests.framework */; };
		3599C21B26CD9D57C422B87C /* Pods_Films.framework in Frameworks */ = {isa = PBXBuildFile; fileRef = 13E55193F2A0827416F7C1B4 /* Pods_Films.framework */; };
		37367EF8256349CD00B3DF73 /* CustomMovieCell.swift in Sources */ = {isa = PBXBuildFile; fileRef = 37367EF6256349CD00B3DF73 /* CustomMovieCell.swift */; };
		37367EF9256349CD00B3DF73 /* CustomMovieCell.xib in Resources */ = {isa = PBXBuildFile; fileRef = 37367EF7256349CD00B3DF73 /* CustomMovieCell.xib */; };
		379A97EB2559EB97009DD152 /* AppDelegate.swift in Sources */ = {isa = PBXBuildFile; fileRef = 379A97EA2559EB97009DD152 /* AppDelegate.swift */; };
		379A97ED2559EB97009DD152 /* SceneDelegate.swift in Sources */ = {isa = PBXBuildFile; fileRef = 379A97EC2559EB97009DD152 /* SceneDelegate.swift */; };
		379A97F42559EB98009DD152 /* Assets.xcassets in Resources */ = {isa = PBXBuildFile; fileRef = 379A97F32559EB98009DD152 /* Assets.xcassets */; };
		379A97F72559EB98009DD152 /* LaunchScreen.storyboard in Resources */ = {isa = PBXBuildFile; fileRef = 379A97F52559EB98009DD152 /* LaunchScreen.storyboard */; };
		379A98022559EB98009DD152 /* FilmsTests.swift in Sources */ = {isa = PBXBuildFile; fileRef = 379A98012559EB98009DD152 /* FilmsTests.swift */; };
		379A980D2559EB98009DD152 /* FilmsUITests.swift in Sources */ = {isa = PBXBuildFile; fileRef = 379A980C2559EB98009DD152 /* FilmsUITests.swift */; };
		379A982A2559ECE7009DD152 /* HomeView.swift in Sources */ = {isa = PBXBuildFile; fileRef = 379A98282559ECE7009DD152 /* HomeView.swift */; };
		379A982B2559ECE7009DD152 /* HomeView.xib in Resources */ = {isa = PBXBuildFile; fileRef = 379A98292559ECE7009DD152 /* HomeView.xib */; };
		379A98382559EDB2009DD152 /* HomeRouter.swift in Sources */ = {isa = PBXBuildFile; fileRef = 379A98372559EDB2009DD152 /* HomeRouter.swift */; };
		379A98402559F1E5009DD152 /* HomeViewModel.swift in Sources */ = {isa = PBXBuildFile; fileRef = 379A983F2559F1E5009DD152 /* HomeViewModel.swift */; };
		379A9846255A185F009DD152 /* Constants.swift in Sources */ = {isa = PBXBuildFile; fileRef = 379A9845255A185F009DD152 /* Constants.swift */; };
		37B2947A255B4A30006C1952 /* ManagerConnections.swift in Sources */ = {isa = PBXBuildFile; fileRef = 37B29479255B4A30006C1952 /* ManagerConnections.swift */; };
		37B2947F255B4B1F006C1952 /* Movies.swift in Sources */ = {isa = PBXBuildFile; fileRef = 37B2947E255B4B1F006C1952 /* Movies.swift */; };
		823C859CD0E54291DCDF48EA /* Pods_Films_FilmsUITests.framework in Frameworks */ = {isa = PBXBuildFile; fileRef = 7F608C2AFEAA0AB0C2F04940 /* Pods_Films_FilmsUITests.framework */; };
/* End PBXBuildFile section */

/* Begin PBXContainerItemProxy section */
		379A97FE2559EB98009DD152 /* PBXContainerItemProxy */ = {
			isa = PBXContainerItemProxy;
			containerPortal = 379A97DF2559EB97009DD152 /* Project object */;
			proxyType = 1;
			remoteGlobalIDString = 379A97E62559EB97009DD152;
			remoteInfo = Films;
		};
		379A98092559EB98009DD152 /* PBXContainerItemProxy */ = {
			isa = PBXContainerItemProxy;
			containerPortal = 379A97DF2559EB97009DD152 /* Project object */;
			proxyType = 1;
			remoteGlobalIDString = 379A97E62559EB97009DD152;
			remoteInfo = Films;
		};
/* End PBXContainerItemProxy section */

/* Begin PBXFileReference section */
		07DC3FB275958AB2E4489AE2 /* Pods_FilmsTests.framework */ = {isa = PBXFileReference; explicitFileType = wrapper.framework; includeInIndex = 0; path = Pods_FilmsTests.framework; sourceTree = BUILT_PRODUCTS_DIR; };
		13E55193F2A0827416F7C1B4 /* Pods_Films.framework */ = {isa = PBXFileReference; explicitFileType = wrapper.framework; includeInIndex = 0; path = Pods_Films.framework; sourceTree = BUILT_PRODUCTS_DIR; };
		366DAA916EB924C3F38A38CA /* Pods-FilmsTests.debug.xcconfig */ = {isa = PBXFileReference; includeInIndex = 1; lastKnownFileType = text.xcconfig; name = "Pods-FilmsTests.debug.xcconfig"; path = "Target Support Files/Pods-FilmsTests/Pods-FilmsTests.debug.xcconfig"; sourceTree = "<group>"; };
		37367EF6256349CD00B3DF73 /* CustomMovieCell.swift */ = {isa = PBXFileReference; lastKnownFileType = sourcecode.swift; path = CustomMovieCell.swift; sourceTree = "<group>"; };
		37367EF7256349CD00B3DF73 /* CustomMovieCell.xib */ = {isa = PBXFileReference; lastKnownFileType = file.xib; path = CustomMovieCell.xib; sourceTree = "<group>"; };
		379A97E72559EB97009DD152 /* Films.app */ = {isa = PBXFileReference; explicitFileType = wrapper.application; includeInIndex = 0; path = Films.app; sourceTree = BUILT_PRODUCTS_DIR; };
		379A97EA2559EB97009DD152 /* AppDelegate.swift */ = {isa = PBXFileReference; lastKnownFileType = sourcecode.swift; path = AppDelegate.swift; sourceTree = "<group>"; };
		379A97EC2559EB97009DD152 /* SceneDelegate.swift */ = {isa = PBXFileReference; lastKnownFileType = sourcecode.swift; path = SceneDelegate.swift; sourceTree = "<group>"; };
		379A97F32559EB98009DD152 /* Assets.xcassets */ = {isa = PBXFileReference; lastKnownFileType = folder.assetcatalog; path = Assets.xcassets; sourceTree = "<group>"; };
		379A97F62559EB98009DD152 /* Base */ = {isa = PBXFileReference; lastKnownFileType = file.storyboard; name = Base; path = Base.lproj/LaunchScreen.storyboard; sourceTree = "<group>"; };
		379A97F82559EB98009DD152 /* Info.plist */ = {isa = PBXFileReference; lastKnownFileType = text.plist.xml; path = Info.plist; sourceTree = "<group>"; };
		379A97FD2559EB98009DD152 /* FilmsTests.xctest */ = {isa = PBXFileReference; explicitFileType = wrapper.cfbundle; includeInIndex = 0; path = FilmsTests.xctest; sourceTree = BUILT_PRODUCTS_DIR; };
		379A98012559EB98009DD152 /* FilmsTests.swift */ = {isa = PBXFileReference; lastKnownFileType = sourcecode.swift; path = FilmsTests.swift; sourceTree = "<group>"; };
		379A98032559EB98009DD152 /* Info.plist */ = {isa = PBXFileReference; lastKnownFileType = text.plist.xml; path = Info.plist; sourceTree = "<group>"; };
		379A98082559EB98009DD152 /* FilmsUITests.xctest */ = {isa = PBXFileReference; explicitFileType = wrapper.cfbundle; includeInIndex = 0; path = FilmsUITests.xctest; sourceTree = BUILT_PRODUCTS_DIR; };
		379A980C2559EB98009DD152 /* FilmsUITests.swift */ = {isa = PBXFileReference; lastKnownFileType = sourcecode.swift; path = FilmsUITests.swift; sourceTree = "<group>"; };
		379A980E2559EB98009DD152 /* Info.plist */ = {isa = PBXFileReference; lastKnownFileType = text.plist.xml; path = Info.plist; sourceTree = "<group>"; };
		379A98282559ECE7009DD152 /* HomeView.swift */ = {isa = PBXFileReference; lastKnownFileType = sourcecode.swift; path = HomeView.swift; sourceTree = "<group>"; };
		379A98292559ECE7009DD152 /* HomeView.xib */ = {isa = PBXFileReference; lastKnownFileType = file.xib; path = HomeView.xib; sourceTree = "<group>"; };
		379A98372559EDB2009DD152 /* HomeRouter.swift */ = {isa = PBXFileReference; lastKnownFileType = sourcecode.swift; path = HomeRouter.swift; sourceTree = "<group>"; };
		379A983F2559F1E5009DD152 /* HomeViewModel.swift */ = {isa = PBXFileReference; lastKnownFileType = sourcecode.swift; path = HomeViewModel.swift; sourceTree = "<group>"; };
		379A9845255A185F009DD152 /* Constants.swift */ = {isa = PBXFileReference; lastKnownFileType = sourcecode.swift; path = Constants.swift; sourceTree = "<group>"; };
		37B29479255B4A30006C1952 /* ManagerConnections.swift */ = {isa = PBXFileReference; lastKnownFileType = sourcecode.swift; path = ManagerConnections.swift; sourceTree = "<group>"; };
		37B2947E255B4B1F006C1952 /* Movies.swift */ = {isa = PBXFileReference; lastKnownFileType = sourcecode.swift; path = Movies.swift; sourceTree = "<group>"; };
		7F608C2AFEAA0AB0C2F04940 /* Pods_Films_FilmsUITests.framework */ = {isa = PBXFileReference; explicitFileType = wrapper.framework; includeInIndex = 0; path = Pods_Films_FilmsUITests.framework; sourceTree = BUILT_PRODUCTS_DIR; };
		84F71715AE536D3260235DD6 /* Pods-Films-FilmsUITests.release.xcconfig */ = {isa = PBXFileReference; includeInIndex = 1; lastKnownFileType = text.xcconfig; name = "Pods-Films-FilmsUITests.release.xcconfig"; path = "Target Support Files/Pods-Films-FilmsUITests/Pods-Films-FilmsUITests.release.xcconfig"; sourceTree = "<group>"; };
		934CEE809990DB359BB0DFCD /* Pods-Films.release.xcconfig */ = {isa = PBXFileReference; includeInIndex = 1; lastKnownFileType = text.xcconfig; name = "Pods-Films.release.xcconfig"; path = "Target Support Files/Pods-Films/Pods-Films.release.xcconfig"; sourceTree = "<group>"; };
		9670BC88A6F2B1B2CD70B001 /* Pods-Films.debug.xcconfig */ = {isa = PBXFileReference; includeInIndex = 1; lastKnownFileType = text.xcconfig; name = "Pods-Films.debug.xcconfig"; path = "Target Support Files/Pods-Films/Pods-Films.debug.xcconfig"; sourceTree = "<group>"; };
		A09A563C54DF207F0EC894D7 /* Pods-FilmsTests.release.xcconfig */ = {isa = PBXFileReference; includeInIndex = 1; lastKnownFileType = text.xcconfig; name = "Pods-FilmsTests.release.xcconfig"; path = "Target Support Files/Pods-FilmsTests/Pods-FilmsTests.release.xcconfig"; sourceTree = "<group>"; };
		ADC86E82B86C38C6363240A6 /* Pods-Films-FilmsUITests.debug.xcconfig */ = {isa = PBXFileReference; includeInIndex = 1; lastKnownFileType = text.xcconfig; name = "Pods-Films-FilmsUITests.debug.xcconfig"; path = "Target Support Files/Pods-Films-FilmsUITests/Pods-Films-FilmsUITests.debug.xcconfig"; sourceTree = "<group>"; };
/* End PBXFileReference section */

/* Begin PBXFrameworksBuildPhase section */
		379A97E42559EB97009DD152 /* Frameworks */ = {
			isa = PBXFrameworksBuildPhase;
			buildActionMask = 2147483647;
			files = (
				3599C21B26CD9D57C422B87C /* Pods_Films.framework in Frameworks */,
			);
			runOnlyForDeploymentPostprocessing = 0;
		};
		379A97FA2559EB98009DD152 /* Frameworks */ = {
			isa = PBXFrameworksBuildPhase;
			buildActionMask = 2147483647;
			files = (
				1E4DAD3B2146A3CAAF7FAF81 /* Pods_FilmsTests.framework in Frameworks */,
			);
			runOnlyForDeploymentPostprocessing = 0;
		};
		379A98052559EB98009DD152 /* Frameworks */ = {
			isa = PBXFrameworksBuildPhase;
			buildActionMask = 2147483647;
			files = (
				823C859CD0E54291DCDF48EA /* Pods_Films_FilmsUITests.framework in Frameworks */,
			);
			runOnlyForDeploymentPostprocessing = 0;
		};
/* End PBXFrameworksBuildPhase section */

/* Begin PBXGroup section */
		37367EF52563499800B3DF73 /* CustomMovieCell */ = {
			isa = PBXGroup;
			children = (
				37367EF6256349CD00B3DF73 /* CustomMovieCell.swift */,
				37367EF7256349CD00B3DF73 /* CustomMovieCell.xib */,
			);
			path = CustomMovieCell;
			sourceTree = "<group>";
		};
		379A97DE2559EB97009DD152 = {
			isa = PBXGroup;
			children = (
				379A97E92559EB97009DD152 /* Films */,
				37B29478255B49E9006C1952 /* NetworkManager */,
				379A98002559EB98009DD152 /* FilmsTests */,
				379A980B2559EB98009DD152 /* FilmsUITests */,
				379A97E82559EB97009DD152 /* Products */,
				F85BEE7CBB8BB78DE4E4975C /* Pods */,
				EAE553AECB97C5DACCA0B86D /* Frameworks */,
			);
			sourceTree = "<group>";
		};
		379A97E82559EB97009DD152 /* Products */ = {
			isa = PBXGroup;
			children = (
				379A97E72559EB97009DD152 /* Films.app */,
				379A97FD2559EB98009DD152 /* FilmsTests.xctest */,
				379A98082559EB98009DD152 /* FilmsUITests.xctest */,
			);
			name = Products;
			sourceTree = "<group>";
		};
		379A97E92559EB97009DD152 /* Films */ = {
			isa = PBXGroup;
			children = (
				379A97EA2559EB97009DD152 /* AppDelegate.swift */,
				379A97EC2559EB97009DD152 /* SceneDelegate.swift */,
				379A98262559ECB2009DD152 /* Home */,
				379A98272559ECB9009DD152 /* DetailView */,
				379A9844255A1829009DD152 /* Resources */,
				379A97F32559EB98009DD152 /* Assets.xcassets */,
				379A97F52559EB98009DD152 /* LaunchScreen.storyboard */,
				379A97F82559EB98009DD152 /* Info.plist */,
			);
			path = Films;
			sourceTree = "<group>";
		};
		379A98002559EB98009DD152 /* FilmsTests */ = {
			isa = PBXGroup;
			children = (
				379A98012559EB98009DD152 /* FilmsTests.swift */,
				379A98032559EB98009DD152 /* Info.plist */,
			);
			path = FilmsTests;
			sourceTree = "<group>";
		};
		379A980B2559EB98009DD152 /* FilmsUITests */ = {
			isa = PBXGroup;
			children = (
				379A980C2559EB98009DD152 /* FilmsUITests.swift */,
				379A980E2559EB98009DD152 /* Info.plist */,
			);
			path = FilmsUITests;
			sourceTree = "<group>";
		};
		379A98262559ECB2009DD152 /* Home */ = {
			isa = PBXGroup;
			children = (
				379A983D2559F0D3009DD152 /* Model */,
				379A98322559ED8C009DD152 /* View */,
				379A983C2559F0AF009DD152 /* ViewModel */,
				379A98362559ED95009DD152 /* Router */,
			);
			path = Home;
			sourceTree = "<group>";
		};
		379A98272559ECB9009DD152 /* DetailView */ = {
			isa = PBXGroup;
			children = (
			);
			path = DetailView;
			sourceTree = "<group>";
		};
		379A98322559ED8C009DD152 /* View */ = {
			isa = PBXGroup;
			children = (
				37367EF52563499800B3DF73 /* CustomMovieCell */,
				379A98282559ECE7009DD152 /* HomeView.swift */,
				379A98292559ECE7009DD152 /* HomeView.xib */,
			);
			path = View;
			sourceTree = "<group>";
		};
		379A98362559ED95009DD152 /* Router */ = {
			isa = PBXGroup;
			children = (
				379A98372559EDB2009DD152 /* HomeRouter.swift */,
			);
			path = Router;
			sourceTree = "<group>";
		};
		379A983C2559F0AF009DD152 /* ViewModel */ = {
			isa = PBXGroup;
			children = (
				379A983F2559F1E5009DD152 /* HomeViewModel.swift */,
			);
			path = ViewModel;
			sourceTree = "<group>";
		};
		379A983D2559F0D3009DD152 /* Model */ = {
			isa = PBXGroup;
			children = (
				37B2947E255B4B1F006C1952 /* Movies.swift */,
			);
			path = Model;
			sourceTree = "<group>";
		};
		379A9844255A1829009DD152 /* Resources */ = {
			isa = PBXGroup;
			children = (
				379A9845255A185F009DD152 /* Constants.swift */,
			);
			path = Resources;
			sourceTree = "<group>";
		};
		37B29478255B49E9006C1952 /* NetworkManager */ = {
			isa = PBXGroup;
			children = (
				37B29479255B4A30006C1952 /* ManagerConnections.swift */,
			);
			path = NetworkManager;
			sourceTree = "<group>";
		};
		EAE553AECB97C5DACCA0B86D /* Frameworks */ = {
			isa = PBXGroup;
			children = (
				13E55193F2A0827416F7C1B4 /* Pods_Films.framework */,
				7F608C2AFEAA0AB0C2F04940 /* Pods_Films_FilmsUITests.framework */,
				07DC3FB275958AB2E4489AE2 /* Pods_FilmsTests.framework */,
			);
			name = Frameworks;
			sourceTree = "<group>";
		};
		F85BEE7CBB8BB78DE4E4975C /* Pods */ = {
			isa = PBXGroup;
			children = (
				9670BC88A6F2B1B2CD70B001 /* Pods-Films.debug.xcconfig */,
				934CEE809990DB359BB0DFCD /* Pods-Films.release.xcconfig */,
				ADC86E82B86C38C6363240A6 /* Pods-Films-FilmsUITests.debug.xcconfig */,
				84F71715AE536D3260235DD6 /* Pods-Films-FilmsUITests.release.xcconfig */,
				366DAA916EB924C3F38A38CA /* Pods-FilmsTests.debug.xcconfig */,
				A09A563C54DF207F0EC894D7 /* Pods-FilmsTests.release.xcconfig */,
			);
			path = Pods;
			sourceTree = "<group>";
		};
/* End PBXGroup section */

/* Begin PBXNativeTarget section */
		379A97E62559EB97009DD152 /* Films */ = {
			isa = PBXNativeTarget;
			buildConfigurationList = 379A98112559EB98009DD152 /* Build configuration list for PBXNativeTarget "Films" */;
			buildPhases = (
				1002ED8472F85C9C40E58E19 /* [CP] Check Pods Manifest.lock */,
				379A97E32559EB97009DD152 /* Sources */,
				379A97E42559EB97009DD152 /* Frameworks */,
				379A97E52559EB97009DD152 /* Resources */,
				95F793FAEB53825995CDCEBB /* [CP] Embed Pods Frameworks */,
			);
			buildRules = (
			);
			dependencies = (
			);
			name = Films;
			productName = Films;
			productReference = 379A97E72559EB97009DD152 /* Films.app */;
			productType = "com.apple.product-type.application";
		};
		379A97FC2559EB98009DD152 /* FilmsTests */ = {
			isa = PBXNativeTarget;
			buildConfigurationList = 379A98142559EB98009DD152 /* Build configuration list for PBXNativeTarget "FilmsTests" */;
			buildPhases = (
				8FE118BEC57B248B335AB079 /* [CP] Check Pods Manifest.lock */,
				379A97F92559EB98009DD152 /* Sources */,
				379A97FA2559EB98009DD152 /* Frameworks */,
				379A97FB2559EB98009DD152 /* Resources */,
			);
			buildRules = (
			);
			dependencies = (
				379A97FF2559EB98009DD152 /* PBXTargetDependency */,
			);
			name = FilmsTests;
			productName = FilmsTests;
			productReference = 379A97FD2559EB98009DD152 /* FilmsTests.xctest */;
			productType = "com.apple.product-type.bundle.unit-test";
		};
		379A98072559EB98009DD152 /* FilmsUITests */ = {
			isa = PBXNativeTarget;
			buildConfigurationList = 379A98172559EB98009DD152 /* Build configuration list for PBXNativeTarget "FilmsUITests" */;
			buildPhases = (
				C4481294CC1625B990367028 /* [CP] Check Pods Manifest.lock */,
				379A98042559EB98009DD152 /* Sources */,
				379A98052559EB98009DD152 /* Frameworks */,
				379A98062559EB98009DD152 /* Resources */,
				C234450CF64E50D003D859E1 /* [CP] Embed Pods Frameworks */,
			);
			buildRules = (
			);
			dependencies = (
				379A980A2559EB98009DD152 /* PBXTargetDependency */,
			);
			name = FilmsUITests;
			productName = FilmsUITests;
			productReference = 379A98082559EB98009DD152 /* FilmsUITests.xctest */;
			productType = "com.apple.product-type.bundle.ui-testing";
		};
/* End PBXNativeTarget section */

/* Begin PBXProject section */
		379A97DF2559EB97009DD152 /* Project object */ = {
			isa = PBXProject;
			attributes = {
				LastSwiftUpdateCheck = 1210;
				LastUpgradeCheck = 1210;
				TargetAttributes = {
					379A97E62559EB97009DD152 = {
						CreatedOnToolsVersion = 12.1;
					};
					379A97FC2559EB98009DD152 = {
						CreatedOnToolsVersion = 12.1;
						TestTargetID = 379A97E62559EB97009DD152;
					};
					379A98072559EB98009DD152 = {
						CreatedOnToolsVersion = 12.1;
						TestTargetID = 379A97E62559EB97009DD152;
					};
				};
			};
			buildConfigurationList = 379A97E22559EB97009DD152 /* Build configuration list for PBXProject "Films" */;
			compatibilityVersion = "Xcode 9.3";
			developmentRegion = en;
			hasScannedForEncodings = 0;
			knownRegions = (
				en,
				Base,
			);
			mainGroup = 379A97DE2559EB97009DD152;
			productRefGroup = 379A97E82559EB97009DD152 /* Products */;
			projectDirPath = "";
			projectRoot = "";
			targets = (
				379A97E62559EB97009DD152 /* Films */,
				379A97FC2559EB98009DD152 /* FilmsTests */,
				379A98072559EB98009DD152 /* FilmsUITests */,
			);
		};
/* End PBXProject section */

/* Begin PBXResourcesBuildPhase section */
		379A97E52559EB97009DD152 /* Resources */ = {
			isa = PBXResourcesBuildPhase;
			buildActionMask = 2147483647;
			files = (
				379A97F72559EB98009DD152 /* LaunchScreen.storyboard in Resources */,
				379A97F42559EB98009DD152 /* Assets.xcassets in Resources */,
				379A982B2559ECE7009DD152 /* HomeView.xib in Resources */,
				37367EF9256349CD00B3DF73 /* CustomMovieCell.xib in Resources */,
			);
			runOnlyForDeploymentPostprocessing = 0;
		};
		379A97FB2559EB98009DD152 /* Resources */ = {
			isa = PBXResourcesBuildPhase;
			buildActionMask = 2147483647;
			files = (
			);
			runOnlyForDeploymentPostprocessing = 0;
		};
		379A98062559EB98009DD152 /* Resources */ = {
			isa = PBXResourcesBuildPhase;
			buildActionMask = 2147483647;
			files = (
			);
			runOnlyForDeploymentPostprocessing = 0;
		};
/* End PBXResourcesBuildPhase section */

/* Begin PBXShellScriptBuildPhase section */
		1002ED8472F85C9C40E58E19 /* [CP] Check Pods Manifest.lock */ = {
			isa = PBXShellScriptBuildPhase;
			buildActionMask = 2147483647;
			files = (
			);
			inputFileListPaths = (
			);
			inputPaths = (
				"${PODS_PODFILE_DIR_PATH}/Podfile.lock",
				"${PODS_ROOT}/Manifest.lock",
			);
			name = "[CP] Check Pods Manifest.lock";
			outputFileListPaths = (
			);
			outputPaths = (
				"$(DERIVED_FILE_DIR)/Pods-Films-checkManifestLockResult.txt",
			);
			runOnlyForDeploymentPostprocessing = 0;
			shellPath = /bin/sh;
			shellScript = "diff \"${PODS_PODFILE_DIR_PATH}/Podfile.lock\" \"${PODS_ROOT}/Manifest.lock\" > /dev/null\nif [ $? != 0 ] ; then\n    # print error to STDERR\n    echo \"error: The sandbox is not in sync with the Podfile.lock. Run 'pod install' or update your CocoaPods installation.\" >&2\n    exit 1\nfi\n# This output is used by Xcode 'outputs' to avoid re-running this script phase.\necho \"SUCCESS\" > \"${SCRIPT_OUTPUT_FILE_0}\"\n";
			showEnvVarsInLog = 0;
		};
		8FE118BEC57B248B335AB079 /* [CP] Check Pods Manifest.lock */ = {
			isa = PBXShellScriptBuildPhase;
			buildActionMask = 2147483647;
			files = (
			);
			inputFileListPaths = (
			);
			inputPaths = (
				"${PODS_PODFILE_DIR_PATH}/Podfile.lock",
				"${PODS_ROOT}/Manifest.lock",
			);
			name = "[CP] Check Pods Manifest.lock";
			outputFileListPaths = (
			);
			outputPaths = (
				"$(DERIVED_FILE_DIR)/Pods-FilmsTests-checkManifestLockResult.txt",
			);
			runOnlyForDeploymentPostprocessing = 0;
			shellPath = /bin/sh;
			shellScript = "diff \"${PODS_PODFILE_DIR_PATH}/Podfile.lock\" \"${PODS_ROOT}/Manifest.lock\" > /dev/null\nif [ $? != 0 ] ; then\n    # print error to STDERR\n    echo \"error: The sandbox is not in sync with the Podfile.lock. Run 'pod install' or update your CocoaPods installation.\" >&2\n    exit 1\nfi\n# This output is used by Xcode 'outputs' to avoid re-running this script phase.\necho \"SUCCESS\" > \"${SCRIPT_OUTPUT_FILE_0}\"\n";
			showEnvVarsInLog = 0;
		};
		95F793FAEB53825995CDCEBB /* [CP] Embed Pods Frameworks */ = {
			isa = PBXShellScriptBuildPhase;
			buildActionMask = 2147483647;
			files = (
			);
			inputFileListPaths = (
				"${PODS_ROOT}/Target Support Files/Pods-Films/Pods-Films-frameworks-${CONFIGURATION}-input-files.xcfilelist",
			);
			name = "[CP] Embed Pods Frameworks";
			outputFileListPaths = (
				"${PODS_ROOT}/Target Support Files/Pods-Films/Pods-Films-frameworks-${CONFIGURATION}-output-files.xcfilelist",
			);
			runOnlyForDeploymentPostprocessing = 0;
			shellPath = /bin/sh;
			shellScript = "\"${PODS_ROOT}/Target Support Files/Pods-Films/Pods-Films-frameworks.sh\"\n";
			showEnvVarsInLog = 0;
		};
		C234450CF64E50D003D859E1 /* [CP] Embed Pods Frameworks */ = {
			isa = PBXShellScriptBuildPhase;
			buildActionMask = 2147483647;
			files = (
			);
			inputFileListPaths = (
				"${PODS_ROOT}/Target Support Files/Pods-Films-FilmsUITests/Pods-Films-FilmsUITests-frameworks-${CONFIGURATION}-input-files.xcfilelist",
			);
			name = "[CP] Embed Pods Frameworks";
			outputFileListPaths = (
				"${PODS_ROOT}/Target Support Files/Pods-Films-FilmsUITests/Pods-Films-FilmsUITests-frameworks-${CONFIGURATION}-output-files.xcfilelist",
			);
			runOnlyForDeploymentPostprocessing = 0;
			shellPath = /bin/sh;
			shellScript = "\"${PODS_ROOT}/Target Support Files/Pods-Films-FilmsUITests/Pods-Films-FilmsUITests-frameworks.sh\"\n";
			showEnvVarsInLog = 0;
		};
		C4481294CC1625B990367028 /* [CP] Check Pods Manifest.lock */ = {
			isa = PBXShellScriptBuildPhase;
			buildActionMask = 2147483647;
			files = (
			);
			inputFileListPaths = (
			);
			inputPaths = (
				"${PODS_PODFILE_DIR_PATH}/Podfile.lock",
				"${PODS_ROOT}/Manifest.lock",
			);
			name = "[CP] Check Pods Manifest.lock";
			outputFileListPaths = (
			);
			outputPaths = (
				"$(DERIVED_FILE_DIR)/Pods-Films-FilmsUITests-checkManifestLockResult.txt",
			);
			runOnlyForDeploymentPostprocessing = 0;
			shellPath = /bin/sh;
			shellScript = "diff \"${PODS_PODFILE_DIR_PATH}/Podfile.lock\" \"${PODS_ROOT}/Manifest.lock\" > /dev/null\nif [ $? != 0 ] ; then\n    # print error to STDERR\n    echo \"error: The sandbox is not in sync with the Podfile.lock. Run 'pod install' or update your CocoaPods installation.\" >&2\n    exit 1\nfi\n# This output is used by Xcode 'outputs' to avoid re-running this script phase.\necho \"SUCCESS\" > \"${SCRIPT_OUTPUT_FILE_0}\"\n";
			showEnvVarsInLog = 0;
		};
/* End PBXShellScriptBuildPhase section */

/* Begin PBXSourcesBuildPhase section */
		379A97E32559EB97009DD152 /* Sources */ = {
			isa = PBXSourcesBuildPhase;
			buildActionMask = 2147483647;
			files = (
				379A982A2559ECE7009DD152 /* HomeView.swift in Sources */,
				379A98382559EDB2009DD152 /* HomeRouter.swift in Sources */,
				37B2947F255B4B1F006C1952 /* Movies.swift in Sources */,
				379A97EB2559EB97009DD152 /* AppDelegate.swift in Sources */,
				37B2947A255B4A30006C1952 /* ManagerConnections.swift in Sources */,
				37367EF8256349CD00B3DF73 /* CustomMovieCell.swift in Sources */,
				379A98402559F1E5009DD152 /* HomeViewModel.swift in Sources */,
				379A97ED2559EB97009DD152 /* SceneDelegate.swift in Sources */,
				379A9846255A185F009DD152 /* Constants.swift in Sources */,
			);
			runOnlyForDeploymentPostprocessing = 0;
		};
		379A97F92559EB98009DD152 /* Sources */ = {
			isa = PBXSourcesBuildPhase;
			buildActionMask = 2147483647;
			files = (
				379A98022559EB98009DD152 /* FilmsTests.swift in Sources */,
			);
			runOnlyForDeploymentPostprocessing = 0;
		};
		379A98042559EB98009DD152 /* Sources */ = {
			isa = PBXSourcesBuildPhase;
			buildActionMask = 2147483647;
			files = (
				379A980D2559EB98009DD152 /* FilmsUITests.swift in Sources */,
			);
			runOnlyForDeploymentPostprocessing = 0;
		};
/* End PBXSourcesBuildPhase section */

/* Begin PBXTargetDependency section */
		379A97FF2559EB98009DD152 /* PBXTargetDependency */ = {
			isa = PBXTargetDependency;
			target = 379A97E62559EB97009DD152 /* Films */;
			targetProxy = 379A97FE2559EB98009DD152 /* PBXContainerItemProxy */;
		};
		379A980A2559EB98009DD152 /* PBXTargetDependency */ = {
			isa = PBXTargetDependency;
			target = 379A97E62559EB97009DD152 /* Films */;
			targetProxy = 379A98092559EB98009DD152 /* PBXContainerItemProxy */;
		};
/* End PBXTargetDependency section */

/* Begin PBXVariantGroup section */
		379A97F52559EB98009DD152 /* LaunchScreen.storyboard */ = {
			isa = PBXVariantGroup;
			children = (
				379A97F62559EB98009DD152 /* Base */,
			);
			name = LaunchScreen.storyboard;
			sourceTree = "<group>";
		};
/* End PBXVariantGroup section */

/* Begin XCBuildConfiguration section */
		379A980F2559EB98009DD152 /* Debug */ = {
			isa = XCBuildConfiguration;
			buildSettings = {
				ALWAYS_SEARCH_USER_PATHS = NO;
				CLANG_ANALYZER_NONNULL = YES;
				CLANG_ANALYZER_NUMBER_OBJECT_CONVERSION = YES_AGGRESSIVE;
				CLANG_CXX_LANGUAGE_STANDARD = "gnu++14";
				CLANG_CXX_LIBRARY = "libc++";
				CLANG_ENABLE_MODULES = YES;
				CLANG_ENABLE_OBJC_ARC = YES;
				CLANG_ENABLE_OBJC_WEAK = YES;
				CLANG_WARN_BLOCK_CAPTURE_AUTORELEASING = YES;
				CLANG_WARN_BOOL_CONVERSION = YES;
				CLANG_WARN_COMMA = YES;
				CLANG_WARN_CONSTANT_CONVERSION = YES;
				CLANG_WARN_DEPRECATED_OBJC_IMPLEMENTATIONS = YES;
				CLANG_WARN_DIRECT_OBJC_ISA_USAGE = YES_ERROR;
				CLANG_WARN_DOCUMENTATION_COMMENTS = YES;
				CLANG_WARN_EMPTY_BODY = YES;
				CLANG_WARN_ENUM_CONVERSION = YES;
				CLANG_WARN_INFINITE_RECURSION = YES;
				CLANG_WARN_INT_CONVERSION = YES;
				CLANG_WARN_NON_LITERAL_NULL_CONVERSION = YES;
				CLANG_WARN_OBJC_IMPLICIT_RETAIN_SELF = YES;
				CLANG_WARN_OBJC_LITERAL_CONVERSION = YES;
				CLANG_WARN_OBJC_ROOT_CLASS = YES_ERROR;
				CLANG_WARN_QUOTED_INCLUDE_IN_FRAMEWORK_HEADER = YES;
				CLANG_WARN_RANGE_LOOP_ANALYSIS = YES;
				CLANG_WARN_STRICT_PROTOTYPES = YES;
				CLANG_WARN_SUSPICIOUS_MOVE = YES;
				CLANG_WARN_UNGUARDED_AVAILABILITY = YES_AGGRESSIVE;
				CLANG_WARN_UNREACHABLE_CODE = YES;
				CLANG_WARN__DUPLICATE_METHOD_MATCH = YES;
				COPY_PHASE_STRIP = NO;
				DEBUG_INFORMATION_FORMAT = dwarf;
				ENABLE_STRICT_OBJC_MSGSEND = YES;
				ENABLE_TESTABILITY = YES;
				GCC_C_LANGUAGE_STANDARD = gnu11;
				GCC_DYNAMIC_NO_PIC = NO;
				GCC_NO_COMMON_BLOCKS = YES;
				GCC_OPTIMIZATION_LEVEL = 0;
				GCC_PREPROCESSOR_DEFINITIONS = (
					"DEBUG=1",
					"$(inherited)",
				);
				GCC_WARN_64_TO_32_BIT_CONVERSION = YES;
				GCC_WARN_ABOUT_RETURN_TYPE = YES_ERROR;
				GCC_WARN_UNDECLARED_SELECTOR = YES;
				GCC_WARN_UNINITIALIZED_AUTOS = YES_AGGRESSIVE;
				GCC_WARN_UNUSED_FUNCTION = YES;
				GCC_WARN_UNUSED_VARIABLE = YES;
				IPHONEOS_DEPLOYMENT_TARGET = 14.1;
				MTL_ENABLE_DEBUG_INFO = INCLUDE_SOURCE;
				MTL_FAST_MATH = YES;
				ONLY_ACTIVE_ARCH = YES;
				SDKROOT = iphoneos;
				SWIFT_ACTIVE_COMPILATION_CONDITIONS = DEBUG;
				SWIFT_OPTIMIZATION_LEVEL = "-Onone";
			};
			name = Debug;
		};
		379A98102559EB98009DD152 /* Release */ = {
			isa = XCBuildConfiguration;
			buildSettings = {
				ALWAYS_SEARCH_USER_PATHS = NO;
				CLANG_ANALYZER_NONNULL = YES;
				CLANG_ANALYZER_NUMBER_OBJECT_CONVERSION = YES_AGGRESSIVE;
				CLANG_CXX_LANGUAGE_STANDARD = "gnu++14";
				CLANG_CXX_LIBRARY = "libc++";
				CLANG_ENABLE_MODULES = YES;
				CLANG_ENABLE_OBJC_ARC = YES;
				CLANG_ENABLE_OBJC_WEAK = YES;
				CLANG_WARN_BLOCK_CAPTURE_AUTORELEASING = YES;
				CLANG_WARN_BOOL_CONVERSION = YES;
				CLANG_WARN_COMMA = YES;
				CLANG_WARN_CONSTANT_CONVERSION = YES;
				CLANG_WARN_DEPRECATED_OBJC_IMPLEMENTATIONS = YES;
				CLANG_WARN_DIRECT_OBJC_ISA_USAGE = YES_ERROR;
				CLANG_WARN_DOCUMENTATION_COMMENTS = YES;
				CLANG_WARN_EMPTY_BODY = YES;
				CLANG_WARN_ENUM_CONVERSION = YES;
				CLANG_WARN_INFINITE_RECURSION = YES;
				CLANG_WARN_INT_CONVERSION = YES;
				CLANG_WARN_NON_LITERAL_NULL_CONVERSION = YES;
				CLANG_WARN_OBJC_IMPLICIT_RETAIN_SELF = YES;
				CLANG_WARN_OBJC_LITERAL_CONVERSION = YES;
				CLANG_WARN_OBJC_ROOT_CLASS = YES_ERROR;
				CLANG_WARN_QUOTED_INCLUDE_IN_FRAMEWORK_HEADER = YES;
				CLANG_WARN_RANGE_LOOP_ANALYSIS = YES;
				CLANG_WARN_STRICT_PROTOTYPES = YES;
				CLANG_WARN_SUSPICIOUS_MOVE = YES;
				CLANG_WARN_UNGUARDED_AVAILABILITY = YES_AGGRESSIVE;
				CLANG_WARN_UNREACHABLE_CODE = YES;
				CLANG_WARN__DUPLICATE_METHOD_MATCH = YES;
				COPY_PHASE_STRIP = NO;
				DEBUG_INFORMATION_FORMAT = "dwarf-with-dsym";
				ENABLE_NS_ASSERTIONS = NO;
				ENABLE_STRICT_OBJC_MSGSEND = YES;
				GCC_C_LANGUAGE_STANDARD = gnu11;
				GCC_NO_COMMON_BLOCKS = YES;
				GCC_WARN_64_TO_32_BIT_CONVERSION = YES;
				GCC_WARN_ABOUT_RETURN_TYPE = YES_ERROR;
				GCC_WARN_UNDECLARED_SELECTOR = YES;
				GCC_WARN_UNINITIALIZED_AUTOS = YES_AGGRESSIVE;
				GCC_WARN_UNUSED_FUNCTION = YES;
				GCC_WARN_UNUSED_VARIABLE = YES;
				IPHONEOS_DEPLOYMENT_TARGET = 14.1;
				MTL_ENABLE_DEBUG_INFO = NO;
				MTL_FAST_MATH = YES;
				SDKROOT = iphoneos;
				SWIFT_COMPILATION_MODE = wholemodule;
				SWIFT_OPTIMIZATION_LEVEL = "-O";
				VALIDATE_PRODUCT = YES;
			};
			name = Release;
		};
		379A98122559EB98009DD152 /* Debug */ = {
			isa = XCBuildConfiguration;
			baseConfigurationReference = 9670BC88A6F2B1B2CD70B001 /* Pods-Films.debug.xcconfig */;
			buildSettings = {
				ASSETCATALOG_COMPILER_APPICON_NAME = AppIcon;
				ASSETCATALOG_COMPILER_GLOBAL_ACCENT_COLOR_NAME = AccentColor;
				CODE_SIGN_STYLE = Automatic;
				DEVELOPMENT_TEAM = 8PF4PD98CF;
				INFOPLIST_FILE = Films/Info.plist;
				LD_RUNPATH_SEARCH_PATHS = (
					"$(inherited)",
					"@executable_path/Frameworks",
				);
				PRODUCT_BUNDLE_IDENTIFIER = com.paradabeltran.Films;
				PRODUCT_NAME = "$(TARGET_NAME)";
				SWIFT_VERSION = 5.0;
				TARGETED_DEVICE_FAMILY = "1,2";
			};
			name = Debug;
		};
		379A98132559EB98009DD152 /* Release */ = {
			isa = XCBuildConfiguration;
			baseConfigurationReference = 934CEE809990DB359BB0DFCD /* Pods-Films.release.xcconfig */;
			buildSettings = {
				ASSETCATALOG_COMPILER_APPICON_NAME = AppIcon;
				ASSETCATALOG_COMPILER_GLOBAL_ACCENT_COLOR_NAME = AccentColor;
				CODE_SIGN_STYLE = Automatic;
				DEVELOPMENT_TEAM = 8PF4PD98CF;
				INFOPLIST_FILE = Films/Info.plist;
				LD_RUNPATH_SEARCH_PATHS = (
					"$(inherited)",
					"@executable_path/Frameworks",
				);
				PRODUCT_BUNDLE_IDENTIFIER = com.paradabeltran.Films;
				PRODUCT_NAME = "$(TARGET_NAME)";
				SWIFT_VERSION = 5.0;
				TARGETED_DEVICE_FAMILY = "1,2";
			};
			name = Release;
		};
		379A98152559EB98009DD152 /* Debug */ = {
			isa = XCBuildConfiguration;
			baseConfigurationReference = 366DAA916EB924C3F38A38CA /* Pods-FilmsTests.debug.xcconfig */;
			buildSettings = {
				ALWAYS_EMBED_SWIFT_STANDARD_LIBRARIES = YES;
				BUNDLE_LOADER = "$(TEST_HOST)";
				CODE_SIGN_STYLE = Automatic;
				DEVELOPMENT_TEAM = 8PF4PD98CF;
				INFOPLIST_FILE = FilmsTests/Info.plist;
				IPHONEOS_DEPLOYMENT_TARGET = 14.1;
				LD_RUNPATH_SEARCH_PATHS = (
					"$(inherited)",
					"@executable_path/Frameworks",
					"@loader_path/Frameworks",
				);
				PRODUCT_BUNDLE_IDENTIFIER = com.paradabeltran.FilmsTests;
				PRODUCT_NAME = "$(TARGET_NAME)";
				SWIFT_VERSION = 5.0;
				TARGETED_DEVICE_FAMILY = "1,2";
				TEST_HOST = "$(BUILT_PRODUCTS_DIR)/Films.app/Films";
			};
			name = Debug;
		};
		379A98162559EB98009DD152 /* Release */ = {
			isa = XCBuildConfiguration;
			baseConfigurationReference = A09A563C54DF207F0EC894D7 /* Pods-FilmsTests.release.xcconfig */;
			buildSettings = {
				ALWAYS_EMBED_SWIFT_STANDARD_LIBRARIES = YES;
				BUNDLE_LOADER = "$(TEST_HOST)";
				CODE_SIGN_STYLE = Automatic;
				DEVELOPMENT_TEAM = 8PF4PD98CF;
				INFOPLIST_FILE = FilmsTests/Info.plist;
				IPHONEOS_DEPLOYMENT_TARGET = 14.1;
				LD_RUNPATH_SEARCH_PATHS = (
					"$(inherited)",
					"@executable_path/Frameworks",
					"@loader_path/Frameworks",
				);
				PRODUCT_BUNDLE_IDENTIFIER = com.paradabeltran.FilmsTests;
				PRODUCT_NAME = "$(TARGET_NAME)";
				SWIFT_VERSION = 5.0;
				TARGETED_DEVICE_FAMILY = "1,2";
				TEST_HOST = "$(BUILT_PRODUCTS_DIR)/Films.app/Films";
			};
			name = Release;
		};
		379A98182559EB98009DD152 /* Debug */ = {
			isa = XCBuildConfiguration;
			baseConfigurationReference = ADC86E82B86C38C6363240A6 /* Pods-Films-FilmsUITests.debug.xcconfig */;
			buildSettings = {
				ALWAYS_EMBED_SWIFT_STANDARD_LIBRARIES = YES;
				CODE_SIGN_STYLE = Automatic;
				DEVELOPMENT_TEAM = 8PF4PD98CF;
				INFOPLIST_FILE = FilmsUITests/Info.plist;
				LD_RUNPATH_SEARCH_PATHS = (
					"$(inherited)",
					"@executable_path/Frameworks",
					"@loader_path/Frameworks",
				);
				PRODUCT_BUNDLE_IDENTIFIER = com.paradabeltran.FilmsUITests;
				PRODUCT_NAME = "$(TARGET_NAME)";
				SWIFT_VERSION = 5.0;
				TARGETED_DEVICE_FAMILY = "1,2";
				TEST_TARGET_NAME = Films;
			};
			name = Debug;
		};
		379A98192559EB98009DD152 /* Release */ = {
			isa = XCBuildConfiguration;
			baseConfigurationReference = 84F71715AE536D3260235DD6 /* Pods-Films-FilmsUITests.release.xcconfig */;
			buildSettings = {
				ALWAYS_EMBED_SWIFT_STANDARD_LIBRARIES = YES;
				CODE_SIGN_STYLE = Automatic;
				DEVELOPMENT_TEAM = 8PF4PD98CF;
				INFOPLIST_FILE = FilmsUITests/Info.plist;
				LD_RUNPATH_SEARCH_PATHS = (
					"$(inherited)",
					"@executable_path/Frameworks",
					"@loader_path/Frameworks",
				);
				PRODUCT_BUNDLE_IDENTIFIER = com.paradabeltran.FilmsUITests;
				PRODUCT_NAME = "$(TARGET_NAME)";
				SWIFT_VERSION = 5.0;
				TARGETED_DEVICE_FAMILY = "1,2";
				TEST_TARGET_NAME = Films;
			};
			name = Release;
		};
/* End XCBuildConfiguration section */

/* Begin XCConfigurationList section */
		379A97E22559EB97009DD152 /* Build configuration list for PBXProject "Films" */ = {
			isa = XCConfigurationList;
			buildConfigurations = (
				379A980F2559EB98009DD152 /* Debug */,
				379A98102559EB98009DD152 /* Release */,
			);
			defaultConfigurationIsVisible = 0;
			defaultConfigurationName = Release;
		};
		379A98112559EB98009DD152 /* Build configuration list for PBXNativeTarget "Films" */ = {
			isa = XCConfigurationList;
			buildConfigurations = (
				379A98122559EB98009DD152 /* Debug */,
				379A98132559EB98009DD152 /* Release */,
			);
			defaultConfigurationIsVisible = 0;
			defaultConfigurationName = Release;
		};
		379A98142559EB98009DD152 /* Build configuration list for PBXNativeTarget "FilmsTests" */ = {
			isa = XCConfigurationList;
			buildConfigurations = (
				379A98152559EB98009DD152 /* Debug */,
				379A98162559EB98009DD152 /* Release */,
			);
			defaultConfigurationIsVisible = 0;
			defaultConfigurationName = Release;
		};
		379A98172559EB98009DD152 /* Build configuration list for PBXNativeTarget "FilmsUITests" */ = {
			isa = XCConfigurationList;
			buildConfigurations = (
				379A98182559EB98009DD152 /* Debug */,
				379A98192559EB98009DD152 /* Release */,
			);
			defaultConfigurationIsVisible = 0;
			defaultConfigurationName = Release;
		};
/* End XCConfigurationList section */
	};
	rootObject = 379A97DF2559EB97009DD152 /* Project object */;
}
